Microsoft Visual Studio Solution File, Format Version 11.00
# Visual Studio 2008

Project("{765E6DE5-EFF6-BC56-CFAE-7CFF347302A5}") = "PathFinding", "Assembly-CSharp.csproj", "{ED04DC06-2331-8A03-C348-D59CF084D6CD}"
EndProject
Project("{765E6DE5-EFF6-BC56-CFAE-7CFF347302A5}") = "PathFinding", "Assembly-CSharp-Editor-firstpass.csproj", "{9BDBA2A6-4D8E-BB14-1FB2-641E141E590F}"
EndProject
Project("{765E6DE5-EFF6-BC56-CFAE-7CFF347302A5}") = "PathFinding", "Assembly-CSharp-Editor.csproj", "{AFB5226A-B85F-9772-623C-7AFEFF5DCDA9}"
EndProject
Global
	GlobalSection(SolutionConfigurationPlatforms) = preSolution
		Debug|Any CPU = Debug|Any CPU
		Release|Any CPU = Release|Any CPU
	EndGlobalSection
	GlobalSection(ProjectConfigurationPlatforms) = postSolution
		{ED04DC06-2331-8A03-C348-D59CF084D6CD}.Debug|Any CPU.ActiveCfg = Debug|Any CPU
		{ED04DC06-2331-8A03-C348-D59CF084D6CD}.Debug|Any CPU.Build.0 = Debug|Any CPU
		{ED04DC06-2331-8A03-C348-D59CF084D6CD}.Release|Any CPU.ActiveCfg = Release|Any CPU
		{ED04DC06-2331-8A03-C348-D59CF084D6CD}.Release|Any CPU.Build.0 = Release|Any CPU
		{9BDBA2A6-4D8E-BB14-1FB2-641E141E590F}.Debug|Any CPU.ActiveCfg = Debug|Any CPU
		{9BDBA2A6-4D8E-BB14-1FB2-641E141E590F}.Debug|Any CPU.Build.0 = Debug|Any CPU
		{9BDBA2A6-4D8E-BB14-1FB2-641E141E590F}.Release|Any CPU.ActiveCfg = Release|Any CPU
		{9BDBA2A6-4D8E-BB14-1FB2-641E141E590F}.Release|Any CPU.Build.0 = Release|Any CPU
		{AFB5226A-B85F-9772-623C-7AFEFF5DCDA9}.Debug|Any CPU.ActiveCfg = Debug|Any CPU
		{AFB5226A-B85F-9772-623C-7AFEFF5DCDA9}.Debug|Any CPU.Build.0 = Debug|Any CPU
		{AFB5226A-B85F-9772-623C-7AFEFF5DCDA9}.Release|Any CPU.ActiveCfg = Release|Any CPU
		{AFB5226A-B85F-9772-623C-7AFEFF5DCDA9}.Release|Any CPU.Build.0 = Release|Any CPU
	EndGlobalSection
	GlobalSection(SolutionProperties) = preSolution
		HideSolutionNode = FALSE
	EndGlobalSection
	GlobalSection(MonoDevelopProperties) = preSolution
		StartupItem = Assembly-CSharp.csproj
	EndGlobalSection
EndGlobal
